Microsoft Visual Studio Solution File, Format Version 12.00
# Visual Studio 15
VisualStudioVersion = 15.0.28010.2048
MinimumVisualStudioVersion = 10.0.40219.1
Project("{FAE04EC0-301F-11D3-BF4B-00C04F79EFBC}") = "BolsadeEmpleo.Android", "BolsadeEmpleo.Android\BolsadeEmpleo.Android.csproj", "{CE3CF7E4-9DCB-4114-B2D4-779627B41DDD}"
EndProject
Project("{9A19103F-16F7-4668-BE54-9A1E7A4F7556}") = "BolsadeEmpleo", "BolsadeEmpleo\BolsadeEmpleo.csproj", "{E902A538-FE60-4647-AD6A-2325AFA2F049}"
EndProject
Project("{FAE04EC0-301F-11D3-BF4B-00C04F79EFBC}") = "BolsadeEmpleo.iOS", "BolsadeEmpleo.iOS\BolsadeEmpleo.iOS.csproj", "{D57FA7C2-DC14-4CEC-987B-D9F8483BE11C}"
EndProject
Global
	GlobalSection(SolutionConfigurationPlatforms) = preSolution
		Ad-Hoc|Any CPU = Ad-Hoc|Any CPU
		Ad-Hoc|iPhone = Ad-Hoc|iPhone
		Ad-Hoc|iPhoneSimulator = Ad-Hoc|iPhoneSimulator
		AppStore|Any CPU = AppStore|Any CPU
		AppStore|iPhone = AppStore|iPhone
		AppStore|iPhoneSimulator = AppStore|iPhoneSimulator
		Debug|Any CPU = Debug|Any CPU
		Debug|iPhone = Debug|iPhone
		Debug|iPhoneSimulator = Debug|iPhoneSimulator
		Release|Any CPU = Release|Any CPU
		Release|iPhone = Release|iPhone
		Release|iPhoneSimulator = Release|iPhoneSimulator
	EndGlobalSection
	GlobalSection(ProjectConfigurationPlatforms) = postSolution
		{CE3CF7E4-9DCB-4114-B2D4-779627B41DDD}.Ad-Hoc|Any CPU.ActiveCfg = Release|Any CPU
		{CE3CF7E4-9DCB-4114-B2D4-779627B41DDD}.Ad-Hoc|Any CPU.Build.0 = Release|Any CPU
		{CE3CF7E4-9DCB-4114-B2D4-779627B41DDD}.Ad-Hoc|Any CPU.Deploy.0 = Release|Any CPU
		{CE3CF7E4-9DCB-4114-B2D4-779627B41DDD}.Ad-Hoc|iPhone.ActiveCfg = Debug|Any CPU
		{CE3CF7E4-9DCB-4114-B2D4-779627B41DDD}.Ad-Hoc|iPhone.Build.0 = Debug|Any CPU
		{CE3CF7E4-9DCB-4114-B2D4-779627B41DDD}.Ad-Hoc|iPhoneSimulator.ActiveCfg = Release|Any CPU
		{CE3CF7E4-9DCB-4114-B2D4-779627B41DDD}.Ad-Hoc|iPhoneSimulator.Build.0 = Release|Any CPU
		{CE3CF7E4-9DCB-4114-B2D4-779627B41DDD}.Ad-Hoc|iPhoneSimulator.Deploy.0 = Release|Any CPU
		{CE3CF7E4-9DCB-4114-B2D4-779627B41DDD}.AppStore|Any CPU.ActiveCfg = Release|Any CPU
		{CE3CF7E4-9DCB-4114-B2D4-779627B41DDD}.AppStore|Any CPU.Build.0 = Release|Any CPU
		{CE3CF7E4-9DCB-4114-B2D4-779627B41DDD}.AppStore|Any CPU.Deploy.0 = Release|Any CPU
		{CE3CF7E4-9DCB-4114-B2D4-779627B41DDD}.AppStore|iPhone.ActiveCfg = Debug|Any CPU
		{CE3CF7E4-9DCB-4114-B2D4-779627B41DDD}.AppStore|iPhone.Build.0 = Debug|Any CPU
		{CE3CF7E4-9DCB-4114-B2D4-779627B41DDD}.AppStore|iPhoneSimulator.ActiveCfg = Release|Any CPU
		{CE3CF7E4-9DCB-4114-B2D4-779627B41DDD}.AppStore|iPhoneSimulator.Build.0 = Release|Any CPU
		{CE3CF7E4-9DCB-4114-B2D4-779627B41DDD}.AppStore|iPhoneSimulator.Deploy.0 = Release|Any CPU
		{CE3CF7E4-9DCB-4114-B2D4-779627B41DDD}.Debug|Any CPU.ActiveCfg = Release|Any CPU
		{CE3CF7E4-9DCB-4114-B2D4-779627B41DDD}.Debug|Any CPU.Build.0 = Release|Any CPU
		{CE3CF7E4-9DCB-4114-B2D4-779627B41DDD}.Debug|Any CPU.Deploy.0 = Release|Any CPU
		{CE3CF7E4-9DCB-4114-B2D4-779627B41DDD}.Debug|iPhone.ActiveCfg = Debug|Any CPU
		{CE3CF7E4-9DCB-4114-B2D4-779627B41DDD}.Debug|iPhone.Build.0 = Debug|Any CPU
		{CE3CF7E4-9DCB-4114-B2D4-779627B41DDD}.Debug|iPhoneSimulator.ActiveCfg = Debug|Any CPU
		{CE3CF7E4-9DCB-4114-B2D4-779627B41DDD}.Debug|iPhoneSimulator.Build.0 = Debug|Any CPU
		{CE3CF7E4-9DCB-4114-B2D4-779627B41DDD}.Release|Any CPU.ActiveCfg = Release|Any CPU
		{CE3CF7E4-9DCB-4114-B2D4-779627B41DDD}.Release|Any CPU.Build.0 = Release|Any CPU
		{CE3CF7E4-9DCB-4114-B2D4-779627B41DDD}.Release|iPhone.ActiveCfg = Release|Any CPU
		{CE3CF7E4-9DCB-4114-B2D4-779627B41DDD}.Release|iPhone.Build.0 = Release|Any CPU
		{CE3CF7E4-9DCB-4114-B2D4-779627B41DDD}.Release|iPhoneSimulator.ActiveCfg = Release|Any CPU
		{CE3CF7E4-9DCB-4114-B2D4-779627B41DDD}.Release|iPhoneSimulator.Build.0 = Release|Any CPU
		{E902A538-FE60-4647-AD6A-2325AFA2F049}.Ad-Hoc|Any CPU.ActiveCfg = Release|Any CPU
		{E902A538-FE60-4647-AD6A-2325AFA2F049}.Ad-Hoc|Any CPU.Build.0 = Release|Any CPU
		{E902A538-FE60-4647-AD6A-2325AFA2F049}.Ad-Hoc|iPhone.ActiveCfg = Debug|Any CPU
		{E902A538-FE60-4647-AD6A-2325AFA2F049}.Ad-Hoc|iPhone.Build.0 = Debug|Any CPU
		{E902A538-FE60-4647-AD6A-2325AFA2F049}.Ad-Hoc|iPhoneSimulator.ActiveCfg = Release|Any CPU
		{E902A538-FE60-4647-AD6A-2325AFA2F049}.Ad-Hoc|iPhoneSimulator.Build.0 = Release|Any CPU
		{E902A538-FE60-4647-AD6A-2325AFA2F049}.AppStore|Any CPU.ActiveCfg = Release|Any CPU
		{E902A538-FE60-4647-AD6A-2325AFA2F049}.AppStore|Any CPU.Build.0 = Release|Any CPU
		{E902A538-FE60-4647-AD6A-2325AFA2F049}.AppStore|iPhone.ActiveCfg = Debug|Any CPU
		{E902A538-FE60-4647-AD6A-2325AFA2F049}.AppStore|iPhone.Build.0 = Debug|Any CPU
		{E902A538-FE60-4647-AD6A-2325AFA2F049}.AppStore|iPhoneSimulator.ActiveCfg = Release|Any CPU
		{E902A538-FE60-4647-AD6A-2325AFA2F049}.AppStore|iPhoneSimulator.Build.0 = Release|Any CPU
		{E902A538-FE60-4647-AD6A-2325AFA2F049}.Debug|Any CPU.ActiveCfg = Release|Any CPU
		{E902A538-FE60-4647-AD6A-2325AFA2F049}.Debug|Any CPU.Build.0 = Release|Any CPU
		{E902A538-FE60-4647-AD6A-2325AFA2F049}.Debug|iPhone.ActiveCfg = Debug|Any CPU
		{E902A538-FE60-4647-AD6A-2325AFA2F049}.Debug|iPhone.Build.0 = Debug|Any CPU
		{E902A538-FE60-4647-AD6A-2325AFA2F049}.Debug|iPhoneSimulator.ActiveCfg = Debug|Any CPU
		{E902A538-FE60-4647-AD6A-2325AFA2F049}.Debug|iPhoneSimulator.Build.0 = Debug|Any CPU
		{E902A538-FE60-4647-AD6A-2325AFA2F049}.Release|Any CPU.ActiveCfg = Release|Any CPU
		{E902A538-FE60-4647-AD6A-2325AFA2F049}.Release|Any CPU.Build.0 = Release|Any CPU
		{E902A538-FE60-4647-AD6A-2325AFA2F049}.Release|iPhone.ActiveCfg = Release|Any CPU
		{E902A538-FE60-4647-AD6A-2325AFA2F049}.Release|iPhone.Build.0 = Release|Any CPU
		{E902A538-FE60-4647-AD6A-2325AFA2F049}.Release|iPhoneSimulator.ActiveCfg = Release|Any CPU
		{E902A538-FE60-4647-AD6A-2325AFA2F049}.Release|iPhoneSimulator.Build.0 = Release|Any CPU
		{D57FA7C2-DC14-4CEC-987B-D9F8483BE11C}.Ad-Hoc|Any CPU.ActiveCfg = Ad-Hoc|iPhoneSimulator
		{D57FA7C2-DC14-4CEC-987B-D9F8483BE11C}.Ad-Hoc|iPhone.ActiveCfg = Ad-Hoc|iPhone
		{D57FA7C2-DC14-4CEC-987B-D9F8483BE11C}.Ad-Hoc|iPhone.Build.0 = Ad-Hoc|iPhone
		{D57FA7C2-DC14-4CEC-987B-D9F8483BE11C}.Ad-Hoc|iPhoneSimulator.ActiveCfg = Ad-Hoc|iPhoneSimulator
		{D57FA7C2-DC14-4CEC-987B-D9F8483BE11C}.Ad-Hoc|iPhoneSimulator.Build.0 = Ad-Hoc|iPhoneSimulator
		{D57FA7C2-DC14-4CEC-987B-D9F8483BE11C}.AppStore|Any CPU.ActiveCfg = AppStore|iPhoneSimulator
		{D57FA7C2-DC14-4CEC-987B-D9F8483BE11C}.AppStore|iPhone.ActiveCfg = AppStore|iPhone
		{D57FA7C2-DC14-4CEC-987B-D9F8483BE11C}.AppStore|iPhone.Build.0 = AppStore|iPhone
		{D57FA7C2-DC14-4CEC-987B-D9F8483BE11C}.AppStore|iPhoneSimulator.ActiveCfg = AppStore|iPhoneSimulator
		{D57FA7C2-DC14-4CEC-987B-D9F8483BE11C}.AppStore|iPhoneSimulator.Build.0 = AppStore|iPhoneSimulator
		{D57FA7C2-DC14-4CEC-987B-D9F8483BE11C}.Debug|Any CPU.ActiveCfg = Debug|iPhoneSimulator
		{D57FA7C2-DC14-4CEC-987B-D9F8483BE11C}.Debug|Any CPU.Build.0 = Debug|iPhoneSimulator
		{D57FA7C2-DC14-4CEC-987B-D9F8483BE11C}.Debug|iPhone.ActiveCfg = Debug|iPhone
		{D57FA7C2-DC14-4CEC-987B-D9F8483BE11C}.Debug|iPhone.Build.0 = Debug|iPhone
		{D57FA7C2-DC14-4CEC-987B-D9F8483BE11C}.Debug|iPhoneSimulator.ActiveCfg = Debug|iPhoneSimulator
		{D57FA7C2-DC14-4CEC-987B-D9F8483BE11C}.Debug|iPhoneSimulator.Build.0 = Debug|iPhoneSimulator
		{D57FA7C2-DC14-4CEC-987B-D9F8483BE11C}.Release|Any CPU.ActiveCfg = Release|iPhoneSimulator
		{D57FA7C2-DC14-4CEC-987B-D9F8483BE11C}.Release|Any CPU.Build.0 = Release|iPhoneSimulator
		{D57FA7C2-DC14-4CEC-987B-D9F8483BE11C}.Release|iPhone.ActiveCfg = Release|iPhone
		{D57FA7C2-DC14-4CEC-987B-D9F8483BE11C}.Release|iPhone.Build.0 = Release|iPhone
		{D57FA7C2-DC14-4CEC-987B-D9F8483BE11C}.Release|iPhoneSimulator.ActiveCfg = Release|iPhoneSimulator
		{D57FA7C2-DC14-4CEC-987B-D9F8483BE11C}.Release|iPhoneSimulator.Build.0 = Release|iPhoneSimulator
	EndGlobalSection
	GlobalSection(SolutionProperties) = preSolution
		HideSolutionNode = FALSE
	EndGlobalSection
	GlobalSection(ExtensibilityGlobals) = postSolution
		SolutionGuid = {CC81F67A-889E-4406-A49A-B6966A344079}
	EndGlobalSection
EndGlobal
